
Microsoft Visual Studio Solution File, Format Version 12.00
# Visual Studio 15
Project("{FAE04EC0-301F-11D3-BF4B-00C04F79EFBC}") = "UnityEngine.TestRunner", "UnityEngine.TestRunner.csproj", "{C2F4A29A-EA60-CFA7-DBB3-820E134D3F80}"
EndProject
Project("{FAE04EC0-301F-11D3-BF4B-00C04F79EFBC}") = "Unity.Mathematics", "Unity.Mathematics.csproj", "{E5F64467-F0B5-7834-E114-1730013EFA02}"
EndProject
Project("{FAE04EC0-301F-11D3-BF4B-00C04F79EFBC}") = "Unity.2D.Animation.Triangle.Runtime", "Unity.2D.Animation.Triangle.Runtime.csproj", "{0B3A5118-170B-309E-1419-7CAD5F143822}"
EndProject
Project("{FAE04EC0-301F-11D3-BF4B-00C04F79EFBC}") = "Unity.Timeline", "Unity.Timeline.csproj", "{554C04A3-1BDE-00F6-5145-34119ED26640}"
EndProject
Project("{FAE04EC0-301F-11D3-BF4B-00C04F79EFBC}") = "UnityEngine.UI", "UnityEngine.UI.csproj", "{7D2E1E7B-61EC-8416-58F0-C587BF5BE23E}"
EndProject
Project("{FAE04EC0-301F-11D3-BF4B-00C04F79EFBC}") = "Cinemachine", "Cinemachine.csproj", "{5078937C-7631-1826-2535-7D41578B7961}"
EndProject
Project("{FAE04EC0-301F-11D3-BF4B-00C04F79EFBC}") = "Unity.TextMeshPro", "Unity.TextMeshPro.csproj", "{E6BF2D12-7055-E65E-8681-FC576BB699F4}"
EndProject
Project("{FAE04EC0-301F-11D3-BF4B-00C04F79EFBC}") = "Unity.2D.Animation.Runtime", "Unity.2D.Animation.Runtime.csproj", "{EC8BB722-986E-195C-CAB7-C338B91552D0}"
EndProject
Project("{FAE04EC0-301F-11D3-BF4B-00C04F79EFBC}") = "Unity.2D.IK.Runtime", "Unity.2D.IK.Runtime.csproj", "{ACF3C96B-205E-2E52-9A34-509ABC74E8C1}"
EndProject
Project("{FAE04EC0-301F-11D3-BF4B-00C04F79EFBC}") = "Unity.2D.SpriteShape.Runtime", "Unity.2D.SpriteShape.Runtime.csproj", "{2EFF0948-D9F6-ECFC-AAD4-22A1FC874C5E}"
EndProject
Project("{FAE04EC0-301F-11D3-BF4B-00C04F79EFBC}") = "Unity.2D.PixelPerfect", "Unity.2D.PixelPerfect.csproj", "{43A59104-6EC6-7214-31DB-243F6F932A44}"
EndProject
Project("{FAE04EC0-301F-11D3-BF4B-00C04F79EFBC}") = "Assembly-CSharp", "Assembly-CSharp.csproj", "{D043129A-451E-FE29-2478-DC2678B44AE4}"
EndProject
Project("{FAE04EC0-301F-11D3-BF4B-00C04F79EFBC}") = "Unity.2D.Common.Runtime", "Unity.2D.Common.Runtime.csproj", "{717C5A3C-F30A-31AC-AFAF-22A9F9B44A1F}"
EndProject
Project("{FAE04EC0-301F-11D3-BF4B-00C04F79EFBC}") = "Unity.InternalAPIEngineBridge.001", "Unity.InternalAPIEngineBridge.001.csproj", "{8300EDDC-CB7B-9D2B-C1DB-AECB30238DB8}"
EndProject
Project("{FAE04EC0-301F-11D3-BF4B-00C04F79EFBC}") = "UnityEditor.TestRunner", "UnityEditor.TestRunner.csproj", "{A56F1FD4-E063-B722-DF70-3BA1C718C819}"
EndProject
Project("{FAE04EC0-301F-11D3-BF4B-00C04F79EFBC}") = "Unity.PlasticSCM.Editor", "Unity.PlasticSCM.Editor.csproj", "{87E75EE5-4D5A-2637-1E26-D8E77001188C}"
EndProject
Project("{FAE04EC0-301F-11D3-BF4B-00C04F79EFBC}") = "UnityEditor.UI", "UnityEditor.UI.csproj", "{08A59879-53A7-0D61-9046-2EA200293804}"
EndProject
Project("{FAE04EC0-301F-11D3-BF4B-00C04F79EFBC}") = "Unity.Timeline.Editor", "Unity.Timeline.Editor.csproj", "{11387780-B676-9E51-C7DE-AA98A0433835}"
EndProject
Project("{FAE04EC0-301F-11D3-BF4B-00C04F79EFBC}") = "Unity.VisualStudio.Editor", "Unity.VisualStudio.Editor.csproj", "{610540DC-B262-DF4F-C254-6B3149D4F9C7}"
EndProject
Project("{FAE04EC0-301F-11D3-BF4B-00C04F79EFBC}") = "com.unity.cinemachine.editor", "com.unity.cinemachine.editor.csproj", "{C07FB7B0-75EB-F329-73AF-D8A743013420}"
EndProject
Project("{FAE04EC0-301F-11D3-BF4B-00C04F79EFBC}") = "Unity.2D.Psdimporter.Editor", "Unity.2D.Psdimporter.Editor.csproj", "{3769E6CF-9EC8-00A3-7F88-B9863FE2D692}"
EndProject
Project("{FAE04EC0-301F-11D3-BF4B-00C04F79EFBC}") = "Unity.2D.Animation.Editor", "Unity.2D.Animation.Editor.csproj", "{D1D33C31-45FA-B568-CCD9-0C2F31B3FB3F}"
EndProject
Project("{FAE04EC0-301F-11D3-BF4B-00C04F79EFBC}") = "Unity.TextMeshPro.Editor", "Unity.TextMeshPro.Editor.csproj", "{DAE8D14C-DAB8-C218-C39E-43F4637AFEA0}"
EndProject
Project("{FAE04EC0-301F-11D3-BF4B-00C04F79EFBC}") = "Unity.2D.SpriteShape.Editor", "Unity.2D.SpriteShape.Editor.csproj", "{A609AD80-3659-2C10-EAA8-C1A52F70A74A}"
EndProject
Project("{FAE04EC0-301F-11D3-BF4B-00C04F79EFBC}") = "Unity.CollabProxy.Editor", "Unity.CollabProxy.Editor.csproj", "{E46D1D68-B952-51BC-4476-6C1B64935A66}"
EndProject
Project("{FAE04EC0-301F-11D3-BF4B-00C04F79EFBC}") = "PsdPlugin", "PsdPlugin.csproj", "{AE57227A-C4D6-BBAC-8ADF-D6C970700BF3}"
EndProject
Project("{FAE04EC0-301F-11D3-BF4B-00C04F79EFBC}") = "Unity.2D.Path.Editor", "Unity.2D.Path.Editor.csproj", "{07209834-1084-4C21-9F13-FBDE423CCAAA}"
EndProject
Project("{FAE04EC0-301F-11D3-BF4B-00C04F79EFBC}") = "Unity.Rider.Editor", "Unity.Rider.Editor.csproj", "{B2F1C4B5-9055-A32F-6444-B4C9146F9F56}"
EndProject
Project("{FAE04EC0-301F-11D3-BF4B-00C04F79EFBC}") = "Unity.2D.IK.Editor", "Unity.2D.IK.Editor.csproj", "{9F027E6C-671A-43F9-3DA7-9545DC801132}"
EndProject
Project("{FAE04EC0-301F-11D3-BF4B-00C04F79EFBC}") = "Unity.2D.Sprite.Editor", "Unity.2D.Sprite.Editor.csproj", "{08D22BE9-8449-391A-A99D-1D1D0BC0B49D}"
EndProject
Project("{FAE04EC0-301F-11D3-BF4B-00C04F79EFBC}") = "Unity.2D.Tilemap.Editor", "Unity.2D.Tilemap.Editor.csproj", "{D1907B04-3300-464A-DC0A-5DAC63A8E1B6}"
EndProject
Project("{FAE04EC0-301F-11D3-BF4B-00C04F79EFBC}") = "Unity.2D.PixelPerfect.Editor", "Unity.2D.PixelPerfect.Editor.csproj", "{8675D24B-5656-1A4E-05D6-38621DCD5F90}"
EndProject
Project("{FAE04EC0-301F-11D3-BF4B-00C04F79EFBC}") = "Unity.VSCode.Editor", "Unity.VSCode.Editor.csproj", "{5971F9E2-FC52-32A5-9D11-319AC78B2627}"
EndProject
Project("{FAE04EC0-301F-11D3-BF4B-00C04F79EFBC}") = "Unity.2D.Common.Editor", "Unity.2D.Common.Editor.csproj", "{B695D767-FD1E-6FC8-2C03-CDDBC924B101}"
EndProject
Project("{FAE04EC0-301F-11D3-BF4B-00C04F79EFBC}") = "Unity.Mathematics.Editor", "Unity.Mathematics.Editor.csproj", "{5B83A05D-6D05-8D4D-42A5-AB296D69AB06}"
EndProject
Project("{FAE04EC0-301F-11D3-BF4B-00C04F79EFBC}") = "Unity.InternalAPIEditorBridge.001", "Unity.InternalAPIEditorBridge.001.csproj", "{618C275B-7A3E-3E0A-7E80-5C135A9803AD}"
EndProject
Project("{FAE04EC0-301F-11D3-BF4B-00C04F79EFBC}") = "UnityEngine.TestRunner", "UnityEngine.TestRunner.Player.csproj", "{321F2821-E850-A52F-91F2-4AAAFC06AB18}"
EndProject
Project("{FAE04EC0-301F-11D3-BF4B-00C04F79EFBC}") = "Unity.Mathematics", "Unity.Mathematics.Player.csproj", "{C51F79DA-F965-A8F4-9A15-6AE19F2B5187}"
EndProject
Project("{FAE04EC0-301F-11D3-BF4B-00C04F79EFBC}") = "Unity.2D.Animation.Triangle.Runtime", "Unity.2D.Animation.Triangle.Runtime.Player.csproj", "{378DDC5D-4888-FA96-DDED-3A05EFF16505}"
EndProject
Project("{FAE04EC0-301F-11D3-BF4B-00C04F79EFBC}") = "Unity.Timeline", "Unity.Timeline.Player.csproj", "{114571BD-524B-0BD5-ECB6-84A4EF0F189E}"
EndProject
Project("{FAE04EC0-301F-11D3-BF4B-00C04F79EFBC}") = "UnityEngine.UI", "UnityEngine.UI.Player.csproj", "{3AF8F45B-BE05-99A6-DA15-F26616E5F8CF}"
EndProject
Project("{FAE04EC0-301F-11D3-BF4B-00C04F79EFBC}") = "Cinemachine", "Cinemachine.Player.csproj", "{5B34D015-017B-F450-6578-F6BF2A58470D}"
EndProject
Project("{FAE04EC0-301F-11D3-BF4B-00C04F79EFBC}") = "Unity.TextMeshPro", "Unity.TextMeshPro.Player.csproj", "{CDACA58F-0B37-9F7F-2A2D-A90E49443E87}"
EndProject
Project("{FAE04EC0-301F-11D3-BF4B-00C04F79EFBC}") = "Unity.2D.Animation.Runtime", "Unity.2D.Animation.Runtime.Player.csproj", "{A5624AE6-5F8A-19EA-4BC2-680D1DB1DE3E}"
EndProject
Project("{FAE04EC0-301F-11D3-BF4B-00C04F79EFBC}") = "Unity.2D.IK.Runtime", "Unity.2D.IK.Runtime.Player.csproj", "{19BF2678-98AB-A031-F841-8FA7F68288E8}"
EndProject
Project("{FAE04EC0-301F-11D3-BF4B-00C04F79EFBC}") = "Unity.2D.SpriteShape.Runtime", "Unity.2D.SpriteShape.Runtime.Player.csproj", "{EAB64A5D-968B-01F6-8A83-9C7175E9F53F}"
EndProject
Project("{FAE04EC0-301F-11D3-BF4B-00C04F79EFBC}") = "Unity.2D.PixelPerfect", "Unity.2D.PixelPerfect.Player.csproj", "{E6E6A8B6-0A74-2D7F-F0C5-DE23A57234DC}"
EndProject
Project("{FAE04EC0-301F-11D3-BF4B-00C04F79EFBC}") = "Assembly-CSharp", "Assembly-CSharp.Player.csproj", "{20C71569-C561-D09A-C7C3-E02AFA714AB7}"
EndProject
Project("{FAE04EC0-301F-11D3-BF4B-00C04F79EFBC}") = "Unity.2D.Common.Runtime", "Unity.2D.Common.Runtime.Player.csproj", "{7B240A36-FB99-9D82-1A33-E2839741DB6C}"
EndProject
Project("{FAE04EC0-301F-11D3-BF4B-00C04F79EFBC}") = "Unity.InternalAPIEngineBridge.001", "Unity.InternalAPIEngineBridge.001.Player.csproj", "{EFF873CD-2D5B-D358-423E-30BFAC92F45C}"
EndProject
Global
	GlobalSection(SolutionConfigurationPlatforms) = preSolution
		Debug|Any CPU = Debug|Any CPU
		Release|Any CPU = Release|Any CPU
	EndGlobalSection
	GlobalSection(ProjectConfigurationPlatforms) = postSolution
		{C2F4A29A-EA60-CFA7-DBB3-820E134D3F80}.Debug|Any CPU.ActiveCfg = Debug|Any CPU
		{C2F4A29A-EA60-CFA7-DBB3-820E134D3F80}.Debug|Any CPU.Build.0 = Debug|Any CPU
		{C2F4A29A-EA60-CFA7-DBB3-820E134D3F80}.Release|Any CPU.ActiveCfg = Release|Any CPU
		{C2F4A29A-EA60-CFA7-DBB3-820E134D3F80}.Release|Any CPU.Build.0 = Release|Any CPU
		{E5F64467-F0B5-7834-E114-1730013EFA02}.Debug|Any CPU.ActiveCfg = Debug|Any CPU
		{E5F64467-F0B5-7834-E114-1730013EFA02}.Debug|Any CPU.Build.0 = Debug|Any CPU
		{E5F64467-F0B5-7834-E114-1730013EFA02}.Release|Any CPU.ActiveCfg = Release|Any CPU
		{E5F64467-F0B5-7834-E114-1730013EFA02}.Release|Any CPU.Build.0 = Release|Any CPU
		{0B3A5118-170B-309E-1419-7CAD5F143822}.Debug|Any CPU.ActiveCfg = Debug|Any CPU
		{0B3A5118-170B-309E-1419-7CAD5F143822}.Debug|Any CPU.Build.0 = Debug|Any CPU
		{0B3A5118-170B-309E-1419-7CAD5F143822}.Release|Any CPU.ActiveCfg = Release|Any CPU
		{0B3A5118-170B-309E-1419-7CAD5F143822}.Release|Any CPU.Build.0 = Release|Any CPU
		{554C04A3-1BDE-00F6-5145-34119ED26640}.Debug|Any CPU.ActiveCfg = Debug|Any CPU
		{554C04A3-1BDE-00F6-5145-34119ED26640}.Debug|Any CPU.Build.0 = Debug|Any CPU
		{554C04A3-1BDE-00F6-5145-34119ED26640}.Release|Any CPU.ActiveCfg = Release|Any CPU
		{554C04A3-1BDE-00F6-5145-34119ED26640}.Release|Any CPU.Build.0 = Release|Any CPU
		{7D2E1E7B-61EC-8416-58F0-C587BF5BE23E}.Debug|Any CPU.ActiveCfg = Debug|Any CPU
		{7D2E1E7B-61EC-8416-58F0-C587BF5BE23E}.Debug|Any CPU.Build.0 = Debug|Any CPU
		{7D2E1E7B-61EC-8416-58F0-C587BF5BE23E}.Release|Any CPU.ActiveCfg = Release|Any CPU
		{7D2E1E7B-61EC-8416-58F0-C587BF5BE23E}.Release|Any CPU.Build.0 = Release|Any CPU
		{5078937C-7631-1826-2535-7D41578B7961}.Debug|Any CPU.ActiveCfg = Debug|Any CPU
		{5078937C-7631-1826-2535-7D41578B7961}.Debug|Any CPU.Build.0 = Debug|Any CPU
		{5078937C-7631-1826-2535-7D41578B7961}.Release|Any CPU.ActiveCfg = Release|Any CPU
		{5078937C-7631-1826-2535-7D41578B7961}.Release|Any CPU.Build.0 = Release|Any CPU
		{E6BF2D12-7055-E65E-8681-FC576BB699F4}.Debug|Any CPU.ActiveCfg = Debug|Any CPU
		{E6BF2D12-7055-E65E-8681-FC576BB699F4}.Debug|Any CPU.Build.0 = Debug|Any CPU
		{E6BF2D12-7055-E65E-8681-FC576BB699F4}.Release|Any CPU.ActiveCfg = Release|Any CPU
		{E6BF2D12-7055-E65E-8681-FC576BB699F4}.Release|Any CPU.Build.0 = Release|Any CPU
		{EC8BB722-986E-195C-CAB7-C338B91552D0}.Debug|Any CPU.ActiveCfg = Debug|Any CPU
		{EC8BB722-986E-195C-CAB7-C338B91552D0}.Debug|Any CPU.Build.0 = Debug|Any CPU
		{EC8BB722-986E-195C-CAB7-C338B91552D0}.Release|Any CPU.ActiveCfg = Release|Any CPU
		{EC8BB722-986E-195C-CAB7-C338B91552D0}.Release|Any CPU.Build.0 = Release|Any CPU
		{ACF3C96B-205E-2E52-9A34-509ABC74E8C1}.Debug|Any CPU.ActiveCfg = Debug|Any CPU
		{ACF3C96B-205E-2E52-9A34-509ABC74E8C1}.Debug|Any CPU.Build.0 = Debug|Any CPU
		{ACF3C96B-205E-2E52-9A34-509ABC74E8C1}.Release|Any CPU.ActiveCfg = Release|Any CPU
		{ACF3C96B-205E-2E52-9A34-509ABC74E8C1}.Release|Any CPU.Build.0 = Release|Any CPU
		{2EFF0948-D9F6-ECFC-AAD4-22A1FC874C5E}.Debug|Any CPU.ActiveCfg = Debug|Any CPU
		{2EFF0948-D9F6-ECFC-AAD4-22A1FC874C5E}.Debug|Any CPU.Build.0 = Debug|Any CPU
		{2EFF0948-D9F6-ECFC-AAD4-22A1FC874C5E}.Release|Any CPU.ActiveCfg = Release|Any CPU
		{2EFF0948-D9F6-ECFC-AAD4-22A1FC874C5E}.Release|Any CPU.Build.0 = Release|Any CPU
		{43A59104-6EC6-7214-31DB-243F6F932A44}.Debug|Any CPU.ActiveCfg = Debug|Any CPU
		{43A59104-6EC6-7214-31DB-243F6F932A44}.Debug|Any CPU.Build.0 = Debug|Any CPU
		{43A59104-6EC6-7214-31DB-243F6F932A44}.Release|Any CPU.ActiveCfg = Release|Any CPU
		{43A59104-6EC6-7214-31DB-243F6F932A44}.Release|Any CPU.Build.0 = Release|Any CPU
		{D043129A-451E-FE29-2478-DC2678B44AE4}.Debug|Any CPU.ActiveCfg = Debug|Any CPU
		{D043129A-451E-FE29-2478-DC2678B44AE4}.Debug|Any CPU.Build.0 = Debug|Any CPU
		{D043129A-451E-FE29-2478-DC2678B44AE4}.Release|Any CPU.ActiveCfg = Release|Any CPU
		{D043129A-451E-FE29-2478-DC2678B44AE4}.Release|Any CPU.Build.0 = Release|Any CPU
		{717C5A3C-F30A-31AC-AFAF-22A9F9B44A1F}.Debug|Any CPU.ActiveCfg = Debug|Any CPU
		{717C5A3C-F30A-31AC-AFAF-22A9F9B44A1F}.Debug|Any CPU.Build.0 = Debug|Any CPU
		{717C5A3C-F30A-31AC-AFAF-22A9F9B44A1F}.Release|Any CPU.ActiveCfg = Release|Any CPU
		{717C5A3C-F30A-31AC-AFAF-22A9F9B44A1F}.Release|Any CPU.Build.0 = Release|Any CPU
		{8300EDDC-CB7B-9D2B-C1DB-AECB30238DB8}.Debug|Any CPU.ActiveCfg = Debug|Any CPU
		{8300EDDC-CB7B-9D2B-C1DB-AECB30238DB8}.Debug|Any CPU.Build.0 = Debug|Any CPU
		{8300EDDC-CB7B-9D2B-C1DB-AECB30238DB8}.Release|Any CPU.ActiveCfg = Release|Any CPU
		{8300EDDC-CB7B-9D2B-C1DB-AECB30238DB8}.Release|Any CPU.Build.0 = Release|Any CPU
		{A56F1FD4-E063-B722-DF70-3BA1C718C819}.Debug|Any CPU.ActiveCfg = Debug|Any CPU
		{A56F1FD4-E063-B722-DF70-3BA1C718C819}.Debug|Any CPU.Build.0 = Debug|Any CPU
		{A56F1FD4-E063-B722-DF70-3BA1C718C819}.Release|Any CPU.ActiveCfg = Release|Any CPU
		{A56F1FD4-E063-B722-DF70-3BA1C718C819}.Release|Any CPU.Build.0 = Release|Any CPU
		{87E75EE5-4D5A-2637-1E26-D8E77001188C}.Debug|Any CPU.ActiveCfg = Debug|Any CPU
		{87E75EE5-4D5A-2637-1E26-D8E77001188C}.Debug|Any CPU.Build.0 = Debug|Any CPU
		{87E75EE5-4D5A-2637-1E26-D8E77001188C}.Release|Any CPU.ActiveCfg = Release|Any CPU
		{87E75EE5-4D5A-2637-1E26-D8E77001188C}.Release|Any CPU.Build.0 = Release|Any CPU
		{08A59879-53A7-0D61-9046-2EA200293804}.Debug|Any CPU.ActiveCfg = Debug|Any CPU
		{08A59879-53A7-0D61-9046-2EA200293804}.Debug|Any CPU.Build.0 = Debug|Any CPU
		{08A59879-53A7-0D61-9046-2EA200293804}.Release|Any CPU.ActiveCfg = Release|Any CPU
		{08A59879-53A7-0D61-9046-2EA200293804}.Release|Any CPU.Build.0 = Release|Any CPU
		{11387780-B676-9E51-C7DE-AA98A0433835}.Debug|Any CPU.ActiveCfg = Debug|Any CPU
		{11387780-B676-9E51-C7DE-AA98A0433835}.Debug|Any CPU.Build.0 = Debug|Any CPU
		{11387780-B676-9E51-C7DE-AA98A0433835}.Release|Any CPU.ActiveCfg = Release|Any CPU
		{11387780-B676-9E51-C7DE-AA98A0433835}.Release|Any CPU.Build.0 = Release|Any CPU
		{610540DC-B262-DF4F-C254-6B3149D4F9C7}.Debug|Any CPU.ActiveCfg = Debug|Any CPU
		{610540DC-B262-DF4F-C254-6B3149D4F9C7}.Debug|Any CPU.Build.0 = Debug|Any CPU
		{610540DC-B262-DF4F-C254-6B3149D4F9C7}.Release|Any CPU.ActiveCfg = Release|Any CPU
		{610540DC-B262-DF4F-C254-6B3149D4F9C7}.Release|Any CPU.Build.0 = Release|Any CPU
		{C07FB7B0-75EB-F329-73AF-D8A743013420}.Debug|Any CPU.ActiveCfg = Debug|Any CPU
		{C07FB7B0-75EB-F329-73AF-D8A743013420}.Debug|Any CPU.Build.0 = Debug|Any CPU
		{C07FB7B0-75EB-F329-73AF-D8A743013420}.Release|Any CPU.ActiveCfg = Release|Any CPU
		{C07FB7B0-75EB-F329-73AF-D8A743013420}.Release|Any CPU.Build.0 = Release|Any CPU
		{3769E6CF-9EC8-00A3-7F88-B9863FE2D692}.Debug|Any CPU.ActiveCfg = Debug|Any CPU
		{3769E6CF-9EC8-00A3-7F88-B9863FE2D692}.Debug|Any CPU.Build.0 = Debug|Any CPU
		{3769E6CF-9EC8-00A3-7F88-B9863FE2D692}.Release|Any CPU.ActiveCfg = Release|Any CPU
		{3769E6CF-9EC8-00A3-7F88-B9863FE2D692}.Release|Any CPU.Build.0 = Release|Any CPU
		{D1D33C31-45FA-B568-CCD9-0C2F31B3FB3F}.Debug|Any CPU.ActiveCfg = Debug|Any CPU
		{D1D33C31-45FA-B568-CCD9-0C2F31B3FB3F}.Debug|Any CPU.Build.0 = Debug|Any CPU
		{D1D33C31-45FA-B568-CCD9-0C2F31B3FB3F}.Release|Any CPU.ActiveCfg = Release|Any CPU
		{D1D33C31-45FA-B568-CCD9-0C2F31B3FB3F}.Release|Any CPU.Build.0 = Release|Any CPU
		{DAE8D14C-DAB8-C218-C39E-43F4637AFEA0}.Debug|Any CPU.ActiveCfg = Debug|Any CPU
		{DAE8D14C-DAB8-C218-C39E-43F4637AFEA0}.Debug|Any CPU.Build.0 = Debug|Any CPU
		{DAE8D14C-DAB8-C218-C39E-43F4637AFEA0}.Release|Any CPU.ActiveCfg = Release|Any CPU
		{DAE8D14C-DAB8-C218-C39E-43F4637AFEA0}.Release|Any CPU.Build.0 = Release|Any CPU
		{A609AD80-3659-2C10-EAA8-C1A52F70A74A}.Debug|Any CPU.ActiveCfg = Debug|Any CPU
		{A609AD80-3659-2C10-EAA8-C1A52F70A74A}.Debug|Any CPU.Build.0 = Debug|Any CPU
		{A609AD80-3659-2C10-EAA8-C1A52F70A74A}.Release|Any CPU.ActiveCfg = Release|Any CPU
		{A609AD80-3659-2C10-EAA8-C1A52F70A74A}.Release|Any CPU.Build.0 = Release|Any CPU
		{E46D1D68-B952-51BC-4476-6C1B64935A66}.Debug|Any CPU.ActiveCfg = Debug|Any CPU
		{E46D1D68-B952-51BC-4476-6C1B64935A66}.Debug|Any CPU.Build.0 = Debug|Any CPU
		{E46D1D68-B952-51BC-4476-6C1B64935A66}.Release|Any CPU.ActiveCfg = Release|Any CPU
		{E46D1D68-B952-51BC-4476-6C1B64935A66}.Release|Any CPU.Build.0 = Release|Any CPU
		{AE57227A-C4D6-BBAC-8ADF-D6C970700BF3}.Debug|Any CPU.ActiveCfg = Debug|Any CPU
		{AE57227A-C4D6-BBAC-8ADF-D6C970700BF3}.Debug|Any CPU.Build.0 = Debug|Any CPU
		{AE57227A-C4D6-BBAC-8ADF-D6C970700BF3}.Release|Any CPU.ActiveCfg = Release|Any CPU
		{AE57227A-C4D6-BBAC-8ADF-D6C970700BF3}.Release|Any CPU.Build.0 = Release|Any CPU
		{07209834-1084-4C21-9F13-FBDE423CCAAA}.Debug|Any CPU.ActiveCfg = Debug|Any CPU
		{07209834-1084-4C21-9F13-FBDE423CCAAA}.Debug|Any CPU.Build.0 = Debug|Any CPU
		{07209834-1084-4C21-9F13-FBDE423CCAAA}.Release|Any CPU.ActiveCfg = Release|Any CPU
		{07209834-1084-4C21-9F13-FBDE423CCAAA}.Release|Any CPU.Build.0 = Release|Any CPU
		{B2F1C4B5-9055-A32F-6444-B4C9146F9F56}.Debug|Any CPU.ActiveCfg = Debug|Any CPU
		{B2F1C4B5-9055-A32F-6444-B4C9146F9F56}.Debug|Any CPU.Build.0 = Debug|Any CPU
		{B2F1C4B5-9055-A32F-6444-B4C9146F9F56}.Release|Any CPU.ActiveCfg = Release|Any CPU
		{B2F1C4B5-9055-A32F-6444-B4C9146F9F56}.Release|Any CPU.Build.0 = Release|Any CPU
		{9F027E6C-671A-43F9-3DA7-9545DC801132}.Debug|Any CPU.ActiveCfg = Debug|Any CPU
		{9F027E6C-671A-43F9-3DA7-9545DC801132}.Debug|Any CPU.Build.0 = Debug|Any CPU
		{9F027E6C-671A-43F9-3DA7-9545DC801132}.Release|Any CPU.ActiveCfg = Release|Any CPU
		{9F027E6C-671A-43F9-3DA7-9545DC801132}.Release|Any CPU.Build.0 = Release|Any CPU
		{08D22BE9-8449-391A-A99D-1D1D0BC0B49D}.Debug|Any CPU.ActiveCfg = Debug|Any CPU
		{08D22BE9-8449-391A-A99D-1D1D0BC0B49D}.Debug|Any CPU.Build.0 = Debug|Any CPU
		{08D22BE9-8449-391A-A99D-1D1D0BC0B49D}.Release|Any CPU.ActiveCfg = Release|Any CPU
		{08D22BE9-8449-391A-A99D-1D1D0BC0B49D}.Release|Any CPU.Build.0 = Release|Any CPU
		{D1907B04-3300-464A-DC0A-5DAC63A8E1B6}.Debug|Any CPU.ActiveCfg = Debug|Any CPU
		{D1907B04-3300-464A-DC0A-5DAC63A8E1B6}.Debug|Any CPU.Build.0 = Debug|Any CPU
		{D1907B04-3300-464A-DC0A-5DAC63A8E1B6}.Release|Any CPU.ActiveCfg = Release|Any CPU
		{D1907B04-3300-464A-DC0A-5DAC63A8E1B6}.Release|Any CPU.Build.0 = Release|Any CPU
		{8675D24B-5656-1A4E-05D6-38621DCD5F90}.Debug|Any CPU.ActiveCfg = Debug|Any CPU
		{8675D24B-5656-1A4E-05D6-38621DCD5F90}.Debug|Any CPU.Build.0 = Debug|Any CPU
		{8675D24B-5656-1A4E-05D6-38621DCD5F90}.Release|Any CPU.ActiveCfg = Release|Any CPU
		{8675D24B-5656-1A4E-05D6-38621DCD5F90}.Release|Any CPU.Build.0 = Release|Any CPU
		{5971F9E2-FC52-32A5-9D11-319AC78B2627}.Debug|Any CPU.ActiveCfg = Debug|Any CPU
		{5971F9E2-FC52-32A5-9D11-319AC78B2627}.Debug|Any CPU.Build.0 = Debug|Any CPU
		{5971F9E2-FC52-32A5-9D11-319AC78B2627}.Release|Any CPU.ActiveCfg = Release|Any CPU
		{5971F9E2-FC52-32A5-9D11-319AC78B2627}.Release|Any CPU.Build.0 = Release|Any CPU
		{B695D767-FD1E-6FC8-2C03-CDDBC924B101}.Debug|Any CPU.ActiveCfg = Debug|Any CPU
		{B695D767-FD1E-6FC8-2C03-CDDBC924B101}.Debug|Any CPU.Build.0 = Debug|Any CPU
		{B695D767-FD1E-6FC8-2C03-CDDBC924B101}.Release|Any CPU.ActiveCfg = Release|Any CPU
		{B695D767-FD1E-6FC8-2C03-CDDBC924B101}.Release|Any CPU.Build.0 = Release|Any CPU
		{5B83A05D-6D05-8D4D-42A5-AB296D69AB06}.Debug|Any CPU.ActiveCfg = Debug|Any CPU
		{5B83A05D-6D05-8D4D-42A5-AB296D69AB06}.Debug|Any CPU.Build.0 = Debug|Any CPU
		{5B83A05D-6D05-8D4D-42A5-AB296D69AB06}.Release|Any CPU.ActiveCfg = Release|Any CPU
		{5B83A05D-6D05-8D4D-42A5-AB296D69AB06}.Release|Any CPU.Build.0 = Release|Any CPU
		{618C275B-7A3E-3E0A-7E80-5C135A9803AD}.Debug|Any CPU.ActiveCfg = Debug|Any CPU
		{618C275B-7A3E-3E0A-7E80-5C135A9803AD}.Debug|Any CPU.Build.0 = Debug|Any CPU
		{618C275B-7A3E-3E0A-7E80-5C135A9803AD}.Release|Any CPU.ActiveCfg = Release|Any CPU
		{618C275B-7A3E-3E0A-7E80-5C135A9803AD}.Release|Any CPU.Build.0 = Release|Any CPU
		{321F2821-E850-A52F-91F2-4AAAFC06AB18}.Debug|Any CPU.ActiveCfg = Debug|Any CPU
		{321F2821-E850-A52F-91F2-4AAAFC06AB18}.Debug|Any CPU.Build.0 = Debug|Any CPU
		{321F2821-E850-A52F-91F2-4AAAFC06AB18}.Release|Any CPU.ActiveCfg = Release|Any CPU
		{321F2821-E850-A52F-91F2-4AAAFC06AB18}.Release|Any CPU.Build.0 = Release|Any CPU
		{C51F79DA-F965-A8F4-9A15-6AE19F2B5187}.Debug|Any CPU.ActiveCfg = Debug|Any CPU
		{C51F79DA-F965-A8F4-9A15-6AE19F2B5187}.Debug|Any CPU.Build.0 = Debug|Any CPU
		{C51F79DA-F965-A8F4-9A15-6AE19F2B5187}.Release|Any CPU.ActiveCfg = Release|Any CPU
		{C51F79DA-F965-A8F4-9A15-6AE19F2B5187}.Release|Any CPU.Build.0 = Release|Any CPU
		{378DDC5D-4888-FA96-DDED-3A05EFF16505}.Debug|Any CPU.ActiveCfg = Debug|Any CPU
		{378DDC5D-4888-FA96-DDED-3A05EFF16505}.Debug|Any CPU.Build.0 = Debug|Any CPU
		{378DDC5D-4888-FA96-DDED-3A05EFF16505}.Release|Any CPU.ActiveCfg = Release|Any CPU
		{378DDC5D-4888-FA96-DDED-3A05EFF16505}.Release|Any CPU.Build.0 = Release|Any CPU
		{114571BD-524B-0BD5-ECB6-84A4EF0F189E}.Debug|Any CPU.ActiveCfg = Debug|Any CPU
		{114571BD-524B-0BD5-ECB6-84A4EF0F189E}.Debug|Any CPU.Build.0 = Debug|Any CPU
		{114571BD-524B-0BD5-ECB6-84A4EF0F189E}.Release|Any CPU.ActiveCfg = Release|Any CPU
		{114571BD-524B-0BD5-ECB6-84A4EF0F189E}.Release|Any CPU.Build.0 = Release|Any CPU
		{3AF8F45B-BE05-99A6-DA15-F26616E5F8CF}.Debug|Any CPU.ActiveCfg = Debug|Any CPU
		{3AF8F45B-BE05-99A6-DA15-F26616E5F8CF}.Debug|Any CPU.Build.0 = Debug|Any CPU
		{3AF8F45B-BE05-99A6-DA15-F26616E5F8CF}.Release|Any CPU.ActiveCfg = Release|Any CPU
		{3AF8F45B-BE05-99A6-DA15-F26616E5F8CF}.Release|Any CPU.Build.0 = Release|Any CPU
		{5B34D015-017B-F450-6578-F6BF2A58470D}.Debug|Any CPU.ActiveCfg = Debug|Any CPU
		{5B34D015-017B-F450-6578-F6BF2A58470D}.Debug|Any CPU.Build.0 = Debug|Any CPU
		{5B34D015-017B-F450-6578-F6BF2A58470D}.Release|Any CPU.ActiveCfg = Release|Any CPU
		{5B34D015-017B-F450-6578-F6BF2A58470D}.Release|Any CPU.Build.0 = Release|Any CPU
		{CDACA58F-0B37-9F7F-2A2D-A90E49443E87}.Debug|Any CPU.ActiveCfg = Debug|Any CPU
		{CDACA58F-0B37-9F7F-2A2D-A90E49443E87}.Debug|Any CPU.Build.0 = Debug|Any CPU
		{CDACA58F-0B37-9F7F-2A2D-A90E49443E87}.Release|Any CPU.ActiveCfg = Release|Any CPU
		{CDACA58F-0B37-9F7F-2A2D-A90E49443E87}.Release|Any CPU.Build.0 = Release|Any CPU
		{A5624AE6-5F8A-19EA-4BC2-680D1DB1DE3E}.Debug|Any CPU.ActiveCfg = Debug|Any CPU
		{A5624AE6-5F8A-19EA-4BC2-680D1DB1DE3E}.Debug|Any CPU.Build.0 = Debug|Any CPU
		{A5624AE6-5F8A-19EA-4BC2-680D1DB1DE3E}.Release|Any CPU.ActiveCfg = Release|Any CPU
		{A5624AE6-5F8A-19EA-4BC2-680D1DB1DE3E}.Release|Any CPU.Build.0 = Release|Any CPU
		{19BF2678-98AB-A031-F841-8FA7F68288E8}.Debug|Any CPU.ActiveCfg = Debug|Any CPU
		{19BF2678-98AB-A031-F841-8FA7F68288E8}.Debug|Any CPU.Build.0 = Debug|Any CPU
		{19BF2678-98AB-A031-F841-8FA7F68288E8}.Release|Any CPU.ActiveCfg = Release|Any CPU
		{19BF2678-98AB-A031-F841-8FA7F68288E8}.Release|Any CPU.Build.0 = Release|Any CPU
		{EAB64A5D-968B-01F6-8A83-9C7175E9F53F}.Debug|Any CPU.ActiveCfg = Debug|Any CPU
		{EAB64A5D-968B-01F6-8A83-9C7175E9F53F}.Debug|Any CPU.Build.0 = Debug|Any CPU
		{EAB64A5D-968B-01F6-8A83-9C7175E9F53F}.Release|Any CPU.ActiveCfg = Release|Any CPU
		{EAB64A5D-968B-01F6-8A83-9C7175E9F53F}.Release|Any CPU.Build.0 = Release|Any CPU
		{E6E6A8B6-0A74-2D7F-F0C5-DE23A57234DC}.Debug|Any CPU.ActiveCfg = Debug|Any CPU
		{E6E6A8B6-0A74-2D7F-F0C5-DE23A57234DC}.Debug|Any CPU.Build.0 = Debug|Any CPU
		{E6E6A8B6-0A74-2D7F-F0C5-DE23A57234DC}.Release|Any CPU.ActiveCfg = Release|Any CPU
		{E6E6A8B6-0A74-2D7F-F0C5-DE23A57234DC}.Release|Any CPU.Build.0 = Release|Any CPU
		{20C71569-C561-D09A-C7C3-E02AFA714AB7}.Debug|Any CPU.ActiveCfg = Debug|Any CPU
		{20C71569-C561-D09A-C7C3-E02AFA714AB7}.Debug|Any CPU.Build.0 = Debug|Any CPU
		{20C71569-C561-D09A-C7C3-E02AFA714AB7}.Release|Any CPU.ActiveCfg = Release|Any CPU
		{20C71569-C561-D09A-C7C3-E02AFA714AB7}.Release|Any CPU.Build.0 = Release|Any CPU
		{7B240A36-FB99-9D82-1A33-E2839741DB6C}.Debug|Any CPU.ActiveCfg = Debug|Any CPU
		{7B240A36-FB99-9D82-1A33-E2839741DB6C}.Debug|Any CPU.Build.0 = Debug|Any CPU
		{7B240A36-FB99-9D82-1A33-E2839741DB6C}.Release|Any CPU.ActiveCfg = Release|Any CPU
		{7B240A36-FB99-9D82-1A33-E2839741DB6C}.Release|Any CPU.Build.0 = Release|Any CPU
		{EFF873CD-2D5B-D358-423E-30BFAC92F45C}.Debug|Any CPU.ActiveCfg = Debug|Any CPU
		{EFF873CD-2D5B-D358-423E-30BFAC92F45C}.Debug|Any CPU.Build.0 = Debug|Any CPU
		{EFF873CD-2D5B-D358-423E-30BFAC92F45C}.Release|Any CPU.ActiveCfg = Release|Any CPU
		{EFF873CD-2D5B-D358-423E-30BFAC92F45C}.Release|Any CPU.Build.0 = Release|Any CPU
	EndGlobalSection
	GlobalSection(SolutionProperties) = preSolution
		HideSolutionNode = FALSE
	EndGlobalSection
EndGlobal
